{
  "version": "5",
  "specifiers": {
    "jsr:@db/postgres@*": "0.19.5",
    "jsr:@db/postgres@~0.19.5": "0.19.5",
    "jsr:@db/redis@~0.41.2": "0.41.2",
    "jsr:@std/async@1": "1.5.0",
    "jsr:@std/bytes@1": "1.0.6",
    "jsr:@std/bytes@^1.0.2-rc.3": "1.0.6",
    "jsr:@std/bytes@^1.0.5": "1.0.6",
    "jsr:@std/collections@1": "1.3.0",
    "jsr:@std/crypto@^1.0.4": "1.1.0",
    "jsr:@std/encoding@^1.0.9": "1.0.10",
    "jsr:@std/fmt@^1.0.6": "1.0.10",
    "jsr:@std/internal@^1.0.14": "1.0.14",
    "jsr:@std/io@0.224.5": "0.224.5",
    "jsr:@std/path@^1.0.8": "1.1.5",
    "jsr:@std/random@0.1.0": "0.1.0",
    "npm:bcryptjs@*": "3.0.3",
    "npm:bcryptjs@^3.0.3": "3.0.3",
    "npm:cluster-key-slot@1.1.0": "1.1.0",
    "npm:jose@*": "6.2.3",
    "npm:jose@^6.2.3": "6.2.3"
  },
  "jsr": {
    "@db/postgres@0.19.5": {
      "integrity": "afdbe608bd066cda2ee5dba37c416d332098b9238c51aec223331108e281954c",
      "dependencies": [
        "jsr:@std/bytes@^1.0.5",
        "jsr:@std/crypto",
        "jsr:@std/encoding",
        "jsr:@std/fmt",
        "jsr:@std/path"
      ]
    },
    "@db/redis@0.41.2": {
      "integrity": "d96d10020c589830f0e4b59222260b75ffb423ff44b795b4b4436adca9352a6a",
      "dependencies": [
        "jsr:@std/async",
        "jsr:@std/bytes@1",
        "jsr:@std/collections",
        "jsr:@std/io",
        "jsr:@std/random",
        "npm:cluster-key-slot"
      ]
    },
    "@std/async@1.5.0": {
      "integrity": "4c1f22d287a17ad7d8643b1952bc5a4d21e5d8b68dc8c20d8268eecc69096e82"
    },
    "@std/bytes@1.0.6": {
      "integrity": "f6ac6adbd8ccd99314045f5703e23af0a68d7f7e58364b47d2c7f408aeb5820a"
    },
    "@std/collections@1.3.0": {
      "integrity": "eb36b43d784477ea0b476483ac034a14bdd182aff921c812ecf662a1fcef9498"
    },
    "@std/crypto@1.1.0": {
      "integrity": "b8d6d0a6377a32b213af2661ed7bf1062d94feac0c57def5526a8e74a95c3ec8"
    },
    "@std/encoding@1.0.10": {
      "integrity": "8783c6384a2d13abd5e9e87a7ae0520a30e9f56aeeaa3bdf910a3eaaf5c811a1"
    },
    "@std/fmt@1.0.10": {
      "integrity": "90dfba288802ac6de82fb31d0917eb9e4450b9925b954d5e51fc29ac07419db5"
    },
    "@std/internal@1.0.14": {
      "integrity": "291516b3d4c35024d6ffbc0a9df5bf4c64116e05b50012cf846710152d2ffdf7"
    },
    "@std/io@0.224.5": {
      "integrity": "cb84fe655d1273fca94efcff411465027a8b0b4225203f19d6ee98d9c8920a2d",
      "dependencies": [
        "jsr:@std/bytes@^1.0.2-rc.3"
      ]
    },
    "@std/path@1.1.5": {
      "integrity": "ccea00982ea28c36becaf6e62f855406c76a8c32d462f66f415bbb7d83a271bc",
      "dependencies": [
        "jsr:@std/internal"
      ]
    },
    "@std/random@0.1.0": {
      "integrity": "70a006be0ffb77d036bab54aa8ae6bd0119ba77ace0f2f56f63273d4262a5667"
    }
  },
  "npm": {
    "bcryptjs@3.0.3": {
      "integrity": "sha512-GlF5wPWnSa/X5LKM1o0wz0suXIINz1iHRLvTS+sLyi7XPbe5ycmYI3DlZqVGZZtDgl4DmasFg7gOB3JYbphV5g==",
      "bin": true
    },
    "cluster-key-slot@1.1.0": {
      "integrity": "sha512-2Nii8p3RwAPiFwsnZvukotvow2rIHM+yQ6ZcBXGHdniadkYGZYiGmkHJIbZPIV9nfv7m/U1IPMVVcAhoWFeklw=="
    },
    "jose@6.2.3": {
      "integrity": "sha512-YYVDInQKFJfR/xa3ojUTl8c2KoTwiL1R5Wg9YCydwH0x0B9grbzlg5HC7mMjCtUJjbQ/YnGEZIhI5tCgfTb4Hw=="
    }
  },
  "workspace": {
    "dependencies": [
      "jsr:@db/postgres@~0.19.5",
      "jsr:@db/redis@~0.41.2",
      "npm:bcryptjs@^3.0.3",
      "npm:jose@^6.2.3"
    ]
  }
}
